{
  "originHash" : "0da9fa23290c75a06cf2d88ffeab37061a648ea0656f8262ec633d415fa7466a",
  "pins" : [
    {
      "identity" : "clerk-ios",
      "kind" : "remoteSourceControl",
      "location" : "https://github.com/clerk/clerk-ios.git",
      "state" : {
        "revision" : "02f98f89a19b6c079517c9aae07df7edd0e600e5"
      }
    },
    {
      "identity" : "nuke",
      "kind" : "remoteSourceControl",
      "location" : "https://github.com/kean/Nuke.git",
      "state" : {
        "revision" : "30f7a7e72e0607d304fbf69c799474bd5fb6d1ce",
        "version" : "13.2.0"
      }
    },
    {
      "identity" : "phonenumberkit",
      "kind" : "remoteSourceControl",
      "location" : "https://github.com/PhoneNumberKit/PhoneNumberKit",
      "state" : {
        "revision" : "cf2f1df6f2fe8b49701f4b43f0e97c7bd113d034",
        "version" : "5.0.8"
      }
    }
  ],
  "version" : 3
}
